// !$*UTF8*$!
{
	archiveVersion = 1;
	classes = {
	};
	objectVersion = 56;
	objects = {

/* Begin PBXBuildFile section */
		9688306728EEA6DD0036705E /* AppDelegate.swift in Sources */ = {isa = PBXBuildFile; fileRef = 9688306628EEA6DD0036705E /* AppDelegate.swift */; };
		9688306928EEA6DD0036705E /* SceneDelegate.swift in Sources */ = {isa = PBXBuildFile; fileRef = 9688306828EEA6DD0036705E /* SceneDelegate.swift */; };
		9688306B28EEA6DD0036705E /* ViewController.swift in Sources */ = {isa = PBXBuildFile; fileRef = 9688306A28EEA6DD0036705E /* ViewController.swift */; };
		9688307028EEA6DF0036705E /* Assets.xcassets in Resources */ = {isa = PBXBuildFile; fileRef = 9688306F28EEA6DF0036705E /* Assets.xcassets */; };
		9688307328EEA6DF0036705E /* LaunchScreen.storyboard in Resources */ = {isa = PBXBuildFile; fileRef = 9688307128EEA6DF0036705E /* LaunchScreen.storyboard */; };
		9688307C28EEA7220036705E /* SnapKit in Frameworks */ = {isa = PBXBuildFile; productRef = 9688307B28EEA7220036705E /* SnapKit */; };
		9688307F28EEAB460036705E /* VC+ex.swift in Sources */ = {isa = PBXBuildFile; fileRef = 9688307E28EEAB460036705E /* VC+ex.swift */; };
		9688308128EEAFCF0036705E /* CategoryRoundedButton.swift in Sources */ = {isa = PBXBuildFile; fileRef = 9688308028EEAFCF0036705E /* CategoryRoundedButton.swift */; };
		9688308328EEB0240036705E /* CategorySegementControl.swift in Sources */ = {isa = PBXBuildFile; fileRef = 9688308228EEB0240036705E /* CategorySegementControl.swift */; };
		9688308728EEB4060036705E /* Cell-ex.swift in Sources */ = {isa = PBXBuildFile; fileRef = 9688308628EEB4060036705E /* Cell-ex.swift */; };
		9688308928EEB6F10036705E /* CategoryCombineWithLabelContainerView.swift in Sources */ = {isa = PBXBuildFile; fileRef = 9688308828EEB6F10036705E /* CategoryCombineWithLabelContainerView.swift */; };
		9688308B28EED34A0036705E /* CategoryLable.swift in Sources */ = {isa = PBXBuildFile; fileRef = 9688308A28EED34A0036705E /* CategoryLable.swift */; };
		9688308E28EEDE6A0036705E /* RxDataSources in Frameworks */ = {isa = PBXBuildFile; productRef = 9688308D28EEDE6A0036705E /* RxDataSources */; };
		9688309028EEDEB60036705E /* RxViewModel.swift in Sources */ = {isa = PBXBuildFile; fileRef = 9688308F28EEDEB60036705E /* RxViewModel.swift */; };
		9688309228EEE0D70036705E /* RxRecommendData.swift in Sources */ = {isa = PBXBuildFile; fileRef = 9688309128EEE0D70036705E /* RxRecommendData.swift */; };
		9688309528EEE5C10036705E /* TableViewCell.swift in Sources */ = {isa = PBXBuildFile; fileRef = 9688309428EEE5C10036705E /* TableViewCell.swift */; };
		9688309B28F031C60036705E /* TableViewSectionHeader.swift in Sources */ = {isa = PBXBuildFile; fileRef = 9688309A28F031C60036705E /* TableViewSectionHeader.swift */; };
		9688309D28F0386D0036705E /* CommunityIdentiable.swift in Sources */ = {isa = PBXBuildFile; fileRef = 9688309C28F0386D0036705E /* CommunityIdentiable.swift */; };
		9688309F28F062100036705E /* HorizonTalTableSectionCell.swift in Sources */ = {isa = PBXBuildFile; fileRef = 9688309E28F062100036705E /* HorizonTalTableSectionCell.swift */; };
		968830A128F14B960036705E /* HorizontalCollectionViewCell.swift in Sources */ = {isa = PBXBuildFile; fileRef = 968830A028F14B960036705E /* HorizontalCollectionViewCell.swift */; };
		968830A528F14CCD0036705E /* HeartButton.swift in Sources */ = {isa = PBXBuildFile; fileRef = 968830A428F14CCD0036705E /* HeartButton.swift */; };
		968830A728F29ED30036705E /* DataStoreFetable.swift in Sources */ = {isa = PBXBuildFile; fileRef = 968830A628F29ED30036705E /* DataStoreFetable.swift */; };
		968830A928F29F780036705E /* file.swift in Sources */ = {isa = PBXBuildFile; fileRef = 968830A828F29F780036705E /* file.swift */; };
		968830AB28F2C3800036705E /* CommunityTableModel.swift in Sources */ = {isa = PBXBuildFile; fileRef = 968830AA28F2C3800036705E /* CommunityTableModel.swift */; };
		968830AE28F2CBFD0036705E /* RxTableData.swift in Sources */ = {isa = PBXBuildFile; fileRef = 968830AD28F2CBFD0036705E /* RxTableData.swift */; };
		968830B028F2DF510036705E /* RxData.swift in Sources */ = {isa = PBXBuildFile; fileRef = 968830AF28F2DF510036705E /* RxData.swift */; };
/* End PBXBuildFile section */

/* Begin PBXFileReference section */
		9688306328EEA6DD0036705E /* CommunityList.app */ = {isa = PBXFileReference; explicitFileType = wrapper.application; includeInIndex = 0; path = CommunityList.app; sourceTree = BUILT_PRODUCTS_DIR; };
		9688306628EEA6DD0036705E /* AppDelegate.swift */ = {isa = PBXFileReference; lastKnownFileType = sourcecode.swift; path = AppDelegate.swift; sourceTree = "<group>"; };
		9688306828EEA6DD0036705E /* SceneDelegate.swift */ = {isa = PBXFileReference; lastKnownFileType = sourcecode.swift; path = SceneDelegate.swift; sourceTree = "<group>"; };
		9688306A28EEA6DD0036705E /* ViewController.swift */ = {isa = PBXFileReference; lastKnownFileType = sourcecode.swift; path = ViewController.swift; sourceTree = "<group>"; };
		9688306F28EEA6DF0036705E /* Assets.xcassets */ = {isa = PBXFileReference; lastKnownFileType = folder.assetcatalog; path = Assets.xcassets; sourceTree = "<group>"; };
		9688307228EEA6DF0036705E /* Base */ = {isa = PBXFileReference; lastKnownFileType = file.storyboard; name = Base; path = Base.lproj/LaunchScreen.storyboard; sourceTree = "<group>"; };
		9688307428EEA6DF0036705E /* Info.plist */ = {isa = PBXFileReference; lastKnownFileType = text.plist.xml; path = Info.plist; sourceTree = "<group>"; };
		9688307E28EEAB460036705E /* VC+ex.swift */ = {isa = PBXFileReference; lastKnownFileType = sourcecode.swift; path = "VC+ex.swift"; sourceTree = "<group>"; };
		9688308028EEAFCF0036705E /* CategoryRoundedButton.swift */ = {isa = PBXFileReference; lastKnownFileType = sourcecode.swift; path = CategoryRoundedButton.swift; sourceTree = "<group>"; };
		9688308228EEB0240036705E /* CategorySegementControl.swift */ = {isa = PBXFileReference; lastKnownFileType = sourcecode.swift; path = CategorySegementControl.swift; sourceTree = "<group>"; };
		9688308628EEB4060036705E /* Cell-ex.swift */ = {isa = PBXFileReference; lastKnownFileType = sourcecode.swift; path = "Cell-ex.swift"; sourceTree = "<group>"; };
		9688308828EEB6F10036705E /* CategoryCombineWithLabelContainerView.swift */ = {isa = PBXFileReference; lastKnownFileType = sourcecode.swift; path = CategoryCombineWithLabelContainerView.swift; sourceTree = "<group>"; };
		9688308A28EED34A0036705E /* CategoryLable.swift */ = {isa = PBXFileReference; lastKnownFileType = sourcecode.swift; path = CategoryLable.swift; sourceTree = "<group>"; };
		9688308F28EEDEB60036705E /* RxViewModel.swift */ = {isa = PBXFileReference; lastKnownFileType = sourcecode.swift; path = RxViewModel.swift; sourceTree = "<group>"; };
		9688309128EEE0D70036705E /* RxRecommendData.swift */ = {isa = PBXFileReference; lastKnownFileType = sourcecode.swift; path = RxRecommendData.swift; sourceTree = "<group>"; };
		9688309428EEE5C10036705E /* TableViewCell.swift */ = {isa = PBXFileReference; lastKnownFileType = sourcecode.swift; path = TableViewCell.swift; sourceTree = "<group>"; };
		9688309A28F031C60036705E /* TableViewSectionHeader.swift */ = {isa = PBXFileReference; lastKnownFileType = sourcecode.swift; path = TableViewSectionHeader.swift; sourceTree = "<group>"; };
		9688309C28F0386D0036705E /* CommunityIdentiable.swift */ = {isa = PBXFileReference; lastKnownFileType = sourcecode.swift; path = CommunityIdentiable.swift; sourceTree = "<group>"; };
		9688309E28F062100036705E /* HorizonTalTableSectionCell.swift */ = {isa = PBXFileReference; lastKnownFileType = sourcecode.swift; path = HorizonTalTableSectionCell.swift; sourceTree = "<group>"; };
		968830A028F14B960036705E /* HorizontalCollectionViewCell.swift */ = {isa = PBXFileReference; lastKnownFileType = sourcecode.swift; path = HorizontalCollectionViewCell.swift; sourceTree = "<group>"; };
		968830A428F14CCD0036705E /* HeartButton.swift */ = {isa = PBXFileReference; lastKnownFileType = sourcecode.swift; path = HeartButton.swift; sourceTree = "<group>"; };
		968830A628F29ED30036705E /* DataStoreFetable.swift */ = {isa = PBXFileReference; lastKnownFileType = sourcecode.swift; path = DataStoreFetable.swift; sourceTree = "<group>"; };
		968830A828F29F780036705E /* file.swift */ = {isa = PBXFileReference; lastKnownFileType = sourcecode.swift; path = file.swift; sourceTree = "<group>"; };
		968830AA28F2C3800036705E /* CommunityTableModel.swift */ = {isa = PBXFileReference; lastKnownFileType = sourcecode.swift; path = CommunityTableModel.swift; sourceTree = "<group>"; };
		968830AD28F2CBFD0036705E /* RxTableData.swift */ = {isa = PBXFileReference; lastKnownFileType = sourcecode.swift; path = RxTableData.swift; sourceTree = "<group>"; };
		968830AF28F2DF510036705E /* RxData.swift */ = {isa = PBXFileReference; lastKnownFileType = sourcecode.swift; path = RxData.swift; sourceTree = "<group>"; };
/* End PBXFileReference section */

/* Begin PBXFrameworksBuildPhase section */
		9688306028EEA6DD0036705E /* Frameworks */ = {
			isa = PBXFrameworksBuildPhase;
			buildActionMask = 2147483647;
			files = (
				9688307C28EEA7220036705E /* SnapKit in Frameworks */,
				9688308E28EEDE6A0036705E /* RxDataSources in Frameworks */,
			);
			runOnlyForDeploymentPostprocessing = 0;
		};
/* End PBXFrameworksBuildPhase section */

/* Begin PBXGroup section */
		9688305A28EEA6DD0036705E = {
			isa = PBXGroup;
			children = (
				9688306528EEA6DD0036705E /* CommunityList */,
				9688306428EEA6DD0036705E /* Products */,
			);
			sourceTree = "<group>";
		};
		9688306428EEA6DD0036705E /* Products */ = {
			isa = PBXGroup;
			children = (
				9688306328EEA6DD0036705E /* CommunityList.app */,
			);
			name = Products;
			sourceTree = "<group>";
		};
		9688306528EEA6DD0036705E /* CommunityList */ = {
			isa = PBXGroup;
			children = (
				9688306628EEA6DD0036705E /* AppDelegate.swift */,
				9688306828EEA6DD0036705E /* SceneDelegate.swift */,
				9688309128EEE0D70036705E /* RxRecommendData.swift */,
				968830AD28F2CBFD0036705E /* RxTableData.swift */,
				9688309328EEE5AC0036705E /* Model */,
				9688309628F02FC00036705E /* ViewController */,
				9688309828F02FD30036705E /* CustomView */,
				9688308628EEB4060036705E /* Cell-ex.swift */,
				9688306F28EEA6DF0036705E /* Assets.xcassets */,
				9688307128EEA6DF0036705E /* LaunchScreen.storyboard */,
				9688307428EEA6DF0036705E /* Info.plist */,
			);
			path = CommunityList;
			sourceTree = "<group>";
		};
		9688309328EEE5AC0036705E /* Model */ = {
			isa = PBXGroup;
			children = (
				968830AC28F2C9900036705E /* DataStructure */,
				968830A828F29F780036705E /* file.swift */,
				968830A628F29ED30036705E /* DataStoreFetable.swift */,
				9688308F28EEDEB60036705E /* RxViewModel.swift */,
			);
			path = Model;
			sourceTree = "<group>";
		};
		9688309628F02FC00036705E /* ViewController */ = {
			isa = PBXGroup;
			children = (
				9688306A28EEA6DD0036705E /* ViewController.swift */,
				9688307E28EEAB460036705E /* VC+ex.swift */,
			);
			path = ViewController;
			sourceTree = "<group>";
		};
		9688309828F02FD30036705E /* CustomView */ = {
			isa = PBXGroup;
			children = (
				968830A328F14CAF0036705E /* TableViewCell */,
				968830A228F14C9D0036705E /* CollectionViewCell */,
				9688309928F02FF60036705E /* CategorySegments */,
			);
			path = CustomView;
			sourceTree = "<group>";
		};
		9688309928F02FF60036705E /* CategorySegments */ = {
			isa = PBXGroup;
			children = (
				9688308228EEB0240036705E /* CategorySegementControl.swift */,
				9688308828EEB6F10036705E /* CategoryCombineWithLabelContainerView.swift */,
				9688308028EEAFCF0036705E /* CategoryRoundedButton.swift */,
				9688308A28EED34A0036705E /* CategoryLable.swift */,
			);
			path = CategorySegments;
			sourceTree = "<group>";
		};
		968830A228F14C9D0036705E /* CollectionViewCell */ = {
			isa = PBXGroup;
			children = (
				968830A028F14B960036705E /* HorizontalCollectionViewCell.swift */,
				968830A428F14CCD0036705E /* HeartButton.swift */,
			);
			path = CollectionViewCell;
			sourceTree = "<group>";
		};
		968830A328F14CAF0036705E /* TableViewCell */ = {
			isa = PBXGroup;
			children = (
				9688309428EEE5C10036705E /* TableViewCell.swift */,
				9688309A28F031C60036705E /* TableViewSectionHeader.swift */,
				9688309E28F062100036705E /* HorizonTalTableSectionCell.swift */,
			);
			path = TableViewCell;
			sourceTree = "<group>";
		};
		968830AC28F2C9900036705E /* DataStructure */ = {
			isa = PBXGroup;
			children = (
				9688309C28F0386D0036705E /* CommunityIdentiable.swift */,
				968830AA28F2C3800036705E /* CommunityTableModel.swift */,
				968830AF28F2DF510036705E /* RxData.swift */,
			);
			path = DataStructure;
			sourceTree = "<group>";
		};
/* End PBXGroup section */

/* Begin PBXNativeTarget section */
		9688306228EEA6DD0036705E /* CommunityList */ = {
			isa = PBXNativeTarget;
			buildConfigurationList = 9688307728EEA6DF0036705E /* Build configuration list for PBXNativeTarget "CommunityList" */;
			buildPhases = (
				9688305F28EEA6DD0036705E /* Sources */,
				9688306028EEA6DD0036705E /* Frameworks */,
				9688306128EEA6DD0036705E /* Resources */,
			);
			buildRules = (
			);
			dependencies = (
			);
			name = CommunityList;
			packageProductDependencies = (
				9688307B28EEA7220036705E /* SnapKit */,
				9688308D28EEDE6A0036705E /* RxDataSources */,
			);
			productName = CommunityList;
			productReference = 9688306328EEA6DD0036705E /* CommunityList.app */;
			productType = "com.apple.product-type.application";
		};
/* End PBXNativeTarget section */

/* Begin PBXProject section */
		9688305B28EEA6DD0036705E /* Project object */ = {
			isa = PBXProject;
			attributes = {
				BuildIndependentTargetsInParallel = 1;
				LastSwiftUpdateCheck = 1400;
				LastUpgradeCheck = 1400;
				TargetAttributes = {
					9688306228EEA6DD0036705E = {
						CreatedOnToolsVersion = 14.0.1;
					};
				};
			};
			buildConfigurationList = 9688305E28EEA6DD0036705E /* Build configuration list for PBXProject "CommunityList" */;
			compatibilityVersion = "Xcode 14.0";
			developmentRegion = en;
			hasScannedForEncodings = 0;
			knownRegions = (
				en,
				Base,
			);
			mainGroup = 9688305A28EEA6DD0036705E;
			packageReferences = (
				9688307A28EEA7220036705E /* XCRemoteSwiftPackageReference "SnapKit" */,
				9688307D28EEA72F0036705E /* XCRemoteSwiftPackageReference "RxSwift" */,
				9688308C28EEDE6A0036705E /* XCRemoteSwiftPackageReference "RxDataSources" */,
			);
			productRefGroup = 9688306428EEA6DD0036705E /* Products */;
			projectDirPath = "";
			projectRoot = "";
			targets = (
				9688306228EEA6DD0036705E /* CommunityList */,
			);
		};
/* End PBXProject section */

/* Begin PBXResourcesBuildPhase section */
		9688306128EEA6DD0036705E /* Resources */ = {
			isa = PBXResourcesBuildPhase;
			buildActionMask = 2147483647;
			files = (
				9688307328EEA6DF0036705E /* LaunchScreen.storyboard in Resources */,
				9688307028EEA6DF0036705E /* Assets.xcassets in Resources */,
			);
			runOnlyForDeploymentPostprocessing = 0;
		};
/* End PBXResourcesBuildPhase section */

/* Begin PBXSourcesBuildPhase section */
		9688305F28EEA6DD0036705E /* Sources */ = {
			isa = PBXSourcesBuildPhase;
			buildActionMask = 2147483647;
			files = (
				9688308928EEB6F10036705E /* CategoryCombineWithLabelContainerView.swift in Sources */,
				968830B028F2DF510036705E /* RxData.swift in Sources */,
				968830A528F14CCD0036705E /* HeartButton.swift in Sources */,
				9688306B28EEA6DD0036705E /* ViewController.swift in Sources */,
				9688309228EEE0D70036705E /* RxRecommendData.swift in Sources */,
				9688308128EEAFCF0036705E /* CategoryRoundedButton.swift in Sources */,
				968830A728F29ED30036705E /* DataStoreFetable.swift in Sources */,
				9688309B28F031C60036705E /* TableViewSectionHeader.swift in Sources */,
				9688309F28F062100036705E /* HorizonTalTableSectionCell.swift in Sources */,
				968830A128F14B960036705E /* HorizontalCollectionViewCell.swift in Sources */,
				9688308728EEB4060036705E /* Cell-ex.swift in Sources */,
				9688306728EEA6DD0036705E /* AppDelegate.swift in Sources */,
				9688306928EEA6DD0036705E /* SceneDelegate.swift in Sources */,
				9688309028EEDEB60036705E /* RxViewModel.swift in Sources */,
				9688308B28EED34A0036705E /* CategoryLable.swift in Sources */,
				9688309528EEE5C10036705E /* TableViewCell.swift in Sources */,
				968830AE28F2CBFD0036705E /* RxTableData.swift in Sources */,
				9688307F28EEAB460036705E /* VC+ex.swift in Sources */,
				9688308328EEB0240036705E /* CategorySegementControl.swift in Sources */,
				968830AB28F2C3800036705E /* CommunityTableModel.swift in Sources */,
				9688309D28F0386D0036705E /* CommunityIdentiable.swift in Sources */,
				968830A928F29F780036705E /* file.swift in Sources */,
			);
			runOnlyForDeploymentPostprocessing = 0;
		};
/* End PBXSourcesBuildPhase section */

/* Begin PBXVariantGroup section */
		9688307128EEA6DF0036705E /* LaunchScreen.storyboard */ = {
			isa = PBXVariantGroup;
			children = (
				9688307228EEA6DF0036705E /* Base */,
			);
			name = LaunchScreen.storyboard;
			sourceTree = "<group>";
		};
/* End PBXVariantGroup section */

/* Begin XCBuildConfiguration section */
		9688307528EEA6DF0036705E /* Debug */ = {
			isa = XCBuildConfiguration;
			buildSettings = {
				ALWAYS_SEARCH_USER_PATHS = NO;
				CLANG_ANALYZER_NONNULL = YES;
				CLANG_ANALYZER_NUMBER_OBJECT_CONVERSION = YES_AGGRESSIVE;
				CLANG_CXX_LANGUAGE_STANDARD = "gnu++20";
				CLANG_ENABLE_MODULES = YES;
				CLANG_ENABLE_OBJC_ARC = YES;
				CLANG_ENABLE_OBJC_WEAK = YES;
				CLANG_WARN_BLOCK_CAPTURE_AUTORELEASING = YES;
				CLANG_WARN_BOOL_CONVERSION = YES;
				CLANG_WARN_COMMA = YES;
				CLANG_WARN_CONSTANT_CONVERSION = YES;
				CLANG_WARN_DEPRECATED_OBJC_IMPLEMENTATIONS = YES;
				CLANG_WARN_DIRECT_OBJC_ISA_USAGE = YES_ERROR;
				CLANG_WARN_DOCUMENTATION_COMMENTS = YES;
				CLANG_WARN_EMPTY_BODY = YES;
				CLANG_WARN_ENUM_CONVERSION = YES;
				CLANG_WARN_INFINITE_RECURSION = YES;
				CLANG_WARN_INT_CONVERSION = YES;
				CLANG_WARN_NON_LITERAL_NULL_CONVERSION = YES;
				CLANG_WARN_OBJC_IMPLICIT_RETAIN_SELF = YES;
				CLANG_WARN_OBJC_LITERAL_CONVERSION = YES;
				CLANG_WARN_OBJC_ROOT_CLASS = YES_ERROR;
				CLANG_WARN_QUOTED_INCLUDE_IN_FRAMEWORK_HEADER = YES;
				CLANG_WARN_RANGE_LOOP_ANALYSIS = YES;
				CLANG_WARN_STRICT_PROTOTYPES = YES;
				CLANG_WARN_SUSPICIOUS_MOVE = YES;
				CLANG_WARN_UNGUARDED_AVAILABILITY = YES_AGGRESSIVE;
				CLANG_WARN_UNREACHABLE_CODE = YES;
				CLANG_WARN__DUPLICATE_METHOD_MATCH = YES;
				COPY_PHASE_STRIP = NO;
				DEBUG_INFORMATION_FORMAT = dwarf;
				ENABLE_STRICT_OBJC_MSGSEND = YES;
				ENABLE_TESTABILITY = YES;
				GCC_C_LANGUAGE_STANDARD = gnu11;
				GCC_DYNAMIC_NO_PIC = NO;
				GCC_NO_COMMON_BLOCKS = YES;
				GCC_OPTIMIZATION_LEVEL = 0;
				GCC_PREPROCESSOR_DEFINITIONS = (
					"DEBUG=1",
					"$(inherited)",
				);
				GCC_WARN_64_TO_32_BIT_CONVERSION = YES;
				GCC_WARN_ABOUT_RETURN_TYPE = YES_ERROR;
				GCC_WARN_UNDECLARED_SELECTOR = YES;
				GCC_WARN_UNINITIALIZED_AUTOS = YES_AGGRESSIVE;
				GCC_WARN_UNUSED_FUNCTION = YES;
				GCC_WARN_UNUSED_VARIABLE = YES;
				IPHONEOS_DEPLOYMENT_TARGET = 16.0;
				MTL_ENABLE_DEBUG_INFO = INCLUDE_SOURCE;
				MTL_FAST_MATH = YES;
				ONLY_ACTIVE_ARCH = YES;
				SDKROOT = iphoneos;
				SWIFT_ACTIVE_COMPILATION_CONDITIONS = DEBUG;
				SWIFT_OPTIMIZATION_LEVEL = "-Onone";
			};
			name = Debug;
		};
		9688307628EEA6DF0036705E /* Release */ = {
			isa = XCBuildConfiguration;
			buildSettings = {
				ALWAYS_SEARCH_USER_PATHS = NO;
				CLANG_ANALYZER_NONNULL = YES;
				CLANG_ANALYZER_NUMBER_OBJECT_CONVERSION = YES_AGGRESSIVE;
				CLANG_CXX_LANGUAGE_STANDARD = "gnu++20";
				CLANG_ENABLE_MODULES = YES;
				CLANG_ENABLE_OBJC_ARC = YES;
				CLANG_ENABLE_OBJC_WEAK = YES;
				CLANG_WARN_BLOCK_CAPTURE_AUTORELEASING = YES;
				CLANG_WARN_BOOL_CONVERSION = YES;
				CLANG_WARN_COMMA = YES;
				CLANG_WARN_CONSTANT_CONVERSION = YES;
				CLANG_WARN_DEPRECATED_OBJC_IMPLEMENTATIONS = YES;
				CLANG_WARN_DIRECT_OBJC_ISA_USAGE = YES_ERROR;
				CLANG_WARN_DOCUMENTATION_COMMENTS = YES;
				CLANG_WARN_EMPTY_BODY = YES;
				CLANG_WARN_ENUM_CONVERSION = YES;
				CLANG_WARN_INFINITE_RECURSION = YES;
				CLANG_WARN_INT_CONVERSION = YES;
				CLANG_WARN_NON_LITERAL_NULL_CONVERSION = YES;
				CLANG_WARN_OBJC_IMPLICIT_RETAIN_SELF = YES;
				CLANG_WARN_OBJC_LITERAL_CONVERSION = YES;
				CLANG_WARN_OBJC_ROOT_CLASS = YES_ERROR;
				CLANG_WARN_QUOTED_INCLUDE_IN_FRAMEWORK_HEADER = YES;
				CLANG_WARN_RANGE_LOOP_ANALYSIS = YES;
				CLANG_WARN_STRICT_PROTOTYPES = YES;
				CLANG_WARN_SUSPICIOUS_MOVE = YES;
				CLANG_WARN_UNGUARDED_AVAILABILITY = YES_AGGRESSIVE;
				CLANG_WARN_UNREACHABLE_CODE = YES;
				CLANG_WARN__DUPLICATE_METHOD_MATCH = YES;
				COPY_PHASE_STRIP = NO;
				DEBUG_INFORMATION_FORMAT = "dwarf-with-dsym";
				ENABLE_NS_ASSERTIONS = NO;
				ENABLE_STRICT_OBJC_MSGSEND = YES;
				GCC_C_LANGUAGE_STANDARD = gnu11;
				GCC_NO_COMMON_BLOCKS = YES;
				GCC_WARN_64_TO_32_BIT_CONVERSION = YES;
				GCC_WARN_ABOUT_RETURN_TYPE = YES_ERROR;
				GCC_WARN_UNDECLARED_SELECTOR = YES;
				GCC_WARN_UNINITIALIZED_AUTOS = YES_AGGRESSIVE;
				GCC_WARN_UNUSED_FUNCTION = YES;
				GCC_WARN_UNUSED_VARIABLE = YES;
				IPHONEOS_DEPLOYMENT_TARGET = 16.0;
				MTL_ENABLE_DEBUG_INFO = NO;
				MTL_FAST_MATH = YES;
				SDKROOT = iphoneos;
				SWIFT_COMPILATION_MODE = wholemodule;
				SWIFT_OPTIMIZATION_LEVEL = "-O";
				VALIDATE_PRODUCT = YES;
			};
			name = Release;
		};
		9688307828EEA6DF0036705E /* Debug */ = {
			isa = XCBuildConfiguration;
			buildSettings = {
				ASSETCATALOG_COMPILER_APPICON_NAME = AppIcon;
				ASSETCATALOG_COMPILER_GLOBAL_ACCENT_COLOR_NAME = AccentColor;
				CODE_SIGN_STYLE = Automatic;
				CURRENT_PROJECT_VERSION = 1;
				DEVELOPMENT_TEAM = 2JZ8QNS5D4;
				GENERATE_INFOPLIST_FILE = YES;
				INFOPLIST_FILE = CommunityList/Info.plist;
				INFOPLIST_KEY_UIApplicationSupportsIndirectInputEvents = YES;
				INFOPLIST_KEY_UILaunchStoryboardName = LaunchScreen;
				INFOPLIST_KEY_UISupportedInterfaceOrientations_iPad = "UIInterfaceOrientationPortrait UIInterfaceOrientationPortraitUpsideDown UIInterfaceOrientationLandscapeLeft UIInterfaceOrientationLandscapeRight";
				INFOPLIST_KEY_UISupportedInterfaceOrientations_iPhone = "UIInterfaceOrientationPortrait UIInterfaceOrientationLandscapeLeft UIInterfaceOrientationLandscapeRight";
				LD_RUNPATH_SEARCH_PATHS = (
					"$(inherited)",
					"@executable_path/Frameworks",
				);
				MARKETING_VERSION = 1.0;
				PRODUCT_BUNDLE_IDENTIFIER = bage.CommunityList;
				PRODUCT_NAME = "$(TARGET_NAME)";
				SWIFT_EMIT_LOC_STRINGS = YES;
				SWIFT_VERSION = 5.0;
				TARGETED_DEVICE_FAMILY = "1,2";
			};
			name = Debug;
		};
		9688307928EEA6DF0036705E /* Release */ = {
			isa = XCBuildConfiguration;
			buildSettings = {
				ASSETCATALOG_COMPILER_APPICON_NAME = AppIcon;
				ASSETCATALOG_COMPILER_GLOBAL_ACCENT_COLOR_NAME = AccentColor;
				CODE_SIGN_STYLE = Automatic;
				CURRENT_PROJECT_VERSION = 1;
				DEVELOPMENT_TEAM = 2JZ8QNS5D4;
				GENERATE_INFOPLIST_FILE = YES;
				INFOPLIST_FILE = CommunityList/Info.plist;
				INFOPLIST_KEY_UIApplicationSupportsIndirectInputEvents = YES;
				INFOPLIST_KEY_UILaunchStoryboardName = LaunchScreen;
				INFOPLIST_KEY_UISupportedInterfaceOrientations_iPad = "UIInterfaceOrientationPortrait UIInterfaceOrientationPortraitUpsideDown UIInterfaceOrientationLandscapeLeft UIInterfaceOrientationLandscapeRight";
				INFOPLIST_KEY_UISupportedInterfaceOrientations_iPhone = "UIInterfaceOrientationPortrait UIInterfaceOrientationLandscapeLeft UIInterfaceOrientationLandscapeRight";
				LD_RUNPATH_SEARCH_PATHS = (
					"$(inherited)",
					"@executable_path/Frameworks",
				);
				MARKETING_VERSION = 1.0;
				PRODUCT_BUNDLE_IDENTIFIER = bage.CommunityList;
				PRODUCT_NAME = "$(TARGET_NAME)";
				SWIFT_EMIT_LOC_STRINGS = YES;
				SWIFT_VERSION = 5.0;
				TARGETED_DEVICE_FAMILY = "1,2";
			};
			name = Release;
		};
/* End XCBuildConfiguration section */

/* Begin XCConfigurationList section */
		9688305E28EEA6DD0036705E /* Build configuration list for PBXProject "CommunityList" */ = {
			isa = XCConfigurationList;
			buildConfigurations = (
				9688307528EEA6DF0036705E /* Debug */,
				9688307628EEA6DF0036705E /* Release */,
			);
			defaultConfigurationIsVisible = 0;
			defaultConfigurationName = Release;
		};
		9688307728EEA6DF0036705E /* Build configuration list for PBXNativeTarget "CommunityList" */ = {
			isa = XCConfigurationList;
			buildConfigurations = (
				9688307828EEA6DF0036705E /* Debug */,
				9688307928EEA6DF0036705E /* Release */,
			);
			defaultConfigurationIsVisible = 0;
			defaultConfigurationName = Release;
		};
/* End XCConfigurationList section */

/* Begin XCRemoteSwiftPackageReference section */
		9688307A28EEA7220036705E /* XCRemoteSwiftPackageReference "SnapKit" */ = {
			isa = XCRemoteSwiftPackageReference;
			repositoryURL = "https://github.com/SnapKit/SnapKit.git";
			requirement = {
				kind = upToNextMajorVersion;
				minimumVersion = 5.0.0;
			};
		};
		9688307D28EEA72F0036705E /* XCRemoteSwiftPackageReference "RxSwift" */ = {
			isa = XCRemoteSwiftPackageReference;
			repositoryURL = "https://github.com/ReactiveX/RxSwift";
			requirement = {
				kind = upToNextMajorVersion;
				minimumVersion = 6.0.0;
			};
		};
		9688308C28EEDE6A0036705E /* XCRemoteSwiftPackageReference "RxDataSources" */ = {
			isa = XCRemoteSwiftPackageReference;
			repositoryURL = "https://github.com/RxSwiftCommunity/RxDataSources.git";
			requirement = {
				branch = main;
				kind = branch;
			};
		};
/* End XCRemoteSwiftPackageReference section */

/* Begin XCSwiftPackageProductDependency section */
		9688307B28EEA7220036705E /* SnapKit */ = {
			isa = XCSwiftPackageProductDependency;
			package = 9688307A28EEA7220036705E /* XCRemoteSwiftPackageReference "SnapKit" */;
			productName = SnapKit;
		};
		9688308D28EEDE6A0036705E /* RxDataSources */ = {
			isa = XCSwiftPackageProductDependency;
			package = 9688308C28EEDE6A0036705E /* XCRemoteSwiftPackageReference "RxDataSources" */;
			productName = RxDataSources;
		};
/* End XCSwiftPackageProductDependency section */
	};
	rootObject = 9688305B28EEA6DD0036705E /* Project object */;
}
